
Microsoft Visual Studio Solution File, Format Version 12.00
Project("{FAE04EC0-301F-11D3-BF4B-00C04F79EFBC}") = "Motix", "Motix\Motix.csproj", "{3171832B-DBC0-496F-B21D-3741D221F3A6}"
EndProject
Project("{2150E333-8FDC-42A3-9474-1A3956D46DE8}") = "src", "src", "{189C25BB-9C14-4088-B64A-F556BE02D9AD}"
EndProject
Project("{FAE04EC0-301F-11D3-BF4B-00C04F79EFBC}") = "Motix.Domain", "Motix.Domain\Motix.Domain.csproj", "{0C8113AF-2DA9-4986-8802-0A4761E59D25}"
EndProject
Project("{FAE04EC0-301F-11D3-BF4B-00C04F79EFBC}") = "Motix.Application", "Motix.Application\Motix.Application.csproj", "{78EE8043-CF24-4B4C-B875-6401FDCC1732}"
EndProject
Project("{FAE04EC0-301F-11D3-BF4B-00C04F79EFBC}") = "Motix.Infrastructure", "Motix.Infrastructure\Motix.Infrastructure.csproj", "{5A4E6A66-1300-4456-AB6D-513B9A0FCC5C}"
EndProject
Project("{2150E333-8FDC-42A3-9474-1A3956D46DE8}") = "Tests", "Tests", "{5326BF0A-3DDD-4840-A379-FC925806F05B}"
EndProject
Project("{FAE04EC0-301F-11D3-BF4B-00C04F79EFBC}") = "Motix.Tests", "Motix.Tests\Motix.Tests.csproj", "{71C4E4BE-3229-4955-ADC1-25570F767DD5}"
EndProject
Global
	GlobalSection(SolutionConfigurationPlatforms) = preSolution
		Debug|Any CPU = Debug|Any CPU
		Release|Any CPU = Release|Any CPU
	EndGlobalSection
	GlobalSection(ProjectConfigurationPlatforms) = postSolution
		{3171832B-DBC0-496F-B21D-3741D221F3A6}.Debug|Any CPU.ActiveCfg = Debug|Any CPU
		{3171832B-DBC0-496F-B21D-3741D221F3A6}.Debug|Any CPU.Build.0 = Debug|Any CPU
		{3171832B-DBC0-496F-B21D-3741D221F3A6}.Release|Any CPU.ActiveCfg = Release|Any CPU
		{3171832B-DBC0-496F-B21D-3741D221F3A6}.Release|Any CPU.Build.0 = Release|Any CPU
		{0C8113AF-2DA9-4986-8802-0A4761E59D25}.Debug|Any CPU.ActiveCfg = Debug|Any CPU
		{0C8113AF-2DA9-4986-8802-0A4761E59D25}.Debug|Any CPU.Build.0 = Debug|Any CPU
		{0C8113AF-2DA9-4986-8802-0A4761E59D25}.Release|Any CPU.ActiveCfg = Release|Any CPU
		{0C8113AF-2DA9-4986-8802-0A4761E59D25}.Release|Any CPU.Build.0 = Release|Any CPU
		{78EE8043-CF24-4B4C-B875-6401FDCC1732}.Debug|Any CPU.ActiveCfg = Debug|Any CPU
		{78EE8043-CF24-4B4C-B875-6401FDCC1732}.Debug|Any CPU.Build.0 = Debug|Any CPU
		{78EE8043-CF24-4B4C-B875-6401FDCC1732}.Release|Any CPU.ActiveCfg = Release|Any CPU
		{78EE8043-CF24-4B4C-B875-6401FDCC1732}.Release|Any CPU.Build.0 = Release|Any CPU
		{5A4E6A66-1300-4456-AB6D-513B9A0FCC5C}.Debug|Any CPU.ActiveCfg = Debug|Any CPU
		{5A4E6A66-1300-4456-AB6D-513B9A0FCC5C}.Debug|Any CPU.Build.0 = Debug|Any CPU
		{5A4E6A66-1300-4456-AB6D-513B9A0FCC5C}.Release|Any CPU.ActiveCfg = Release|Any CPU
		{5A4E6A66-1300-4456-AB6D-513B9A0FCC5C}.Release|Any CPU.Build.0 = Release|Any CPU
		{71C4E4BE-3229-4955-ADC1-25570F767DD5}.Debug|Any CPU.ActiveCfg = Debug|Any CPU
		{71C4E4BE-3229-4955-ADC1-25570F767DD5}.Debug|Any CPU.Build.0 = Debug|Any CPU
		{71C4E4BE-3229-4955-ADC1-25570F767DD5}.Release|Any CPU.ActiveCfg = Release|Any CPU
		{71C4E4BE-3229-4955-ADC1-25570F767DD5}.Release|Any CPU.Build.0 = Release|Any CPU
	EndGlobalSection
	GlobalSection(NestedProjects) = preSolution
		{0C8113AF-2DA9-4986-8802-0A4761E59D25} = {189C25BB-9C14-4088-B64A-F556BE02D9AD}
		{78EE8043-CF24-4B4C-B875-6401FDCC1732} = {189C25BB-9C14-4088-B64A-F556BE02D9AD}
		{5A4E6A66-1300-4456-AB6D-513B9A0FCC5C} = {189C25BB-9C14-4088-B64A-F556BE02D9AD}
		{3171832B-DBC0-496F-B21D-3741D221F3A6} = {189C25BB-9C14-4088-B64A-F556BE02D9AD}
		{5326BF0A-3DDD-4840-A379-FC925806F05B} = {189C25BB-9C14-4088-B64A-F556BE02D9AD}
		{71C4E4BE-3229-4955-ADC1-25570F767DD5} = {5326BF0A-3DDD-4840-A379-FC925806F05B}
	EndGlobalSection
EndGlobal
